
Microsoft Visual Studio Solution File, Format Version 12.00
# Visual Studio Version 17
VisualStudioVersion = 17.3.32929.385
MinimumVisualStudioVersion = 10.0.40219.1
Project("{FAE04EC0-301F-11D3-BF4B-00C04F79EFBC}") = "CMPG223_Final", "CMPG223_Final\CMPG223_Final.csproj", "{16359379-0078-48F9-A122-83961D64AE4E}"
EndProject
Global
	GlobalSection(SolutionConfigurationPlatforms) = preSolution
		Debug|Any CPU = Debug|Any CPU
		Release|Any CPU = Release|Any CPU
	EndGlobalSection
	GlobalSection(ProjectConfigurationPlatforms) = postSolution
		{16359379-0078-48F9-A122-83961D64AE4E}.Debug|Any CPU.ActiveCfg = Debug|Any CPU
		{16359379-0078-48F9-A122-83961D64AE4E}.Debug|Any CPU.Build.0 = Debug|Any CPU
		{16359379-0078-48F9-A122-83961D64AE4E}.Release|Any CPU.ActiveCfg = Release|Any CPU
		{16359379-0078-48F9-A122-83961D64AE4E}.Release|Any CPU.Build.0 = Release|Any CPU
	EndGlobalSection
	GlobalSection(SolutionProperties) = preSolution
		HideSolutionNode = FALSE
	EndGlobalSection
	GlobalSection(ExtensibilityGlobals) = postSolution
		SolutionGuid = {B5F1C33F-8536-49B4-AF76-37453F8CF397}
	EndGlobalSection
EndGlobal
